
Microsoft Visual Studio Solution File, Format Version 12.00
# Visual Studio Version 17
VisualStudioVersion = 17.14.36930.0 d17.14
MinimumVisualStudioVersion = 10.0.40219.1
Project("{FAE04EC0-301F-11D3-BF4B-00C04F79EFBC}") = "Class 3 - 9", "Class 3 - 9\Class 3 - 9.csproj", "{27E756D2-DBF3-4F22-BEC1-175F3C3AB0EB}"
EndProject
Global
	GlobalSection(SolutionConfigurationPlatforms) = preSolution
		Debug|Any CPU = Debug|Any CPU
		Release|Any CPU = Release|Any CPU
	EndGlobalSection
	GlobalSection(ProjectConfigurationPlatforms) = postSolution
		{27E756D2-DBF3-4F22-BEC1-175F3C3AB0EB}.Debug|Any CPU.ActiveCfg = Debug|Any CPU
		{27E756D2-DBF3-4F22-BEC1-175F3C3AB0EB}.Debug|Any CPU.Build.0 = Debug|Any CPU
		{27E756D2-DBF3-4F22-BEC1-175F3C3AB0EB}.Release|Any CPU.ActiveCfg = Release|Any CPU
		{27E756D2-DBF3-4F22-BEC1-175F3C3AB0EB}.Release|Any CPU.Build.0 = Release|Any CPU
	EndGlobalSection
	GlobalSection(SolutionProperties) = preSolution
		HideSolutionNode = FALSE
	EndGlobalSection
	GlobalSection(ExtensibilityGlobals) = postSolution
		SolutionGuid = {5B8753E6-2C3E-4EF5-9622-9A0D64F3CA6D}
	EndGlobalSection
EndGlobal
